<Solution>
  <Configurations>
    <Platform Name="Any CPU" />
    <Platform Name="x64" />
    <Platform Name="x86" />
  </Configurations>
  <Project Path="Emcode.Pst.Libs/Emcode.Pst.Libs.csproj" />
  <Project Path="Emcode.Pst.Runner/Emcode.Pst.Runner.csproj" />
  <Project Path="..\\tests\\Emcode.Pst.Tests\\Emcode.Pst.Tests.csproj" />
</Solution>
